// !$*UTF8*$!
{
	archiveVersion = 1;
	classes = {
	};
	objectVersion = 46;
	objects = {

/* Begin PBXBuildFile section */
		400965751C01F8F300ADAFAA /* ADMMainViewResultTableViewCell.swift in Sources */ = {isa = PBXBuildFile; fileRef = 400965741C01F8F300ADAFAA /* ADMMainViewResultTableViewCell.swift */; };
		4038014A1BFDB07C00CB7F26 /* ADMDetailTableViewCell.swift in Sources */ = {isa = PBXBuildFile; fileRef = 403801491BFDB07C00CB7F26 /* ADMDetailTableViewCell.swift */; };
		40435D3F1BEA9F3700B2E31C /* ADMMainViewController.swift in Sources */ = {isa = PBXBuildFile; fileRef = 40435D3E1BEA9F3700B2E31C /* ADMMainViewController.swift */; };
		40435D481BEA9F4A00B2E31C /* AppDelegate.swift in Sources */ = {isa = PBXBuildFile; fileRef = 40435D411BEA9F4A00B2E31C /* AppDelegate.swift */; };
		40435D491BEA9F4A00B2E31C /* Assets.xcassets in Resources */ = {isa = PBXBuildFile; fileRef = 40435D421BEA9F4A00B2E31C /* Assets.xcassets */; };
		40435D4A1BEA9F4A00B2E31C /* LaunchScreen.storyboard in Resources */ = {isa = PBXBuildFile; fileRef = 40435D431BEA9F4A00B2E31C /* LaunchScreen.storyboard */; };
		40435D4B1BEA9F4A00B2E31C /* Main.storyboard in Resources */ = {isa = PBXBuildFile; fileRef = 40435D451BEA9F4A00B2E31C /* Main.storyboard */; };
		40435D4C1BEA9F4A00B2E31C /* Info.plist in Resources */ = {isa = PBXBuildFile; fileRef = 40435D471BEA9F4A00B2E31C /* Info.plist */; };
		40435D4F1BEA9FA700B2E31C /* ADMInformationManager.swift in Sources */ = {isa = PBXBuildFile; fileRef = 40435D4E1BEA9FA700B2E31C /* ADMInformationManager.swift */; };
		40435D531BEA9FEC00B2E31C /* mockdata.json in Resources */ = {isa = PBXBuildFile; fileRef = 40435D521BEA9FEC00B2E31C /* mockdata.json */; };
		40435D551BEE096100B2E31C /* 20151107_pubmed_mock.json in Resources */ = {isa = PBXBuildFile; fileRef = 40435D541BEE096100B2E31C /* 20151107_pubmed_mock.json */; };
		406BB6D91BFE2E2800AE39C5 /* ADMDetailAbstractTableViewCell.swift in Sources */ = {isa = PBXBuildFile; fileRef = 406BB6D81BFE2E2800AE39C5 /* ADMDetailAbstractTableViewCell.swift */; };
		406BB6DB1BFE2FE800AE39C5 /* ADMDetailPMIDTableViewCell.swift in Sources */ = {isa = PBXBuildFile; fileRef = 406BB6DA1BFE2FE800AE39C5 /* ADMDetailPMIDTableViewCell.swift */; };
		406BB6DF1BFEF5CF00AE39C5 /* ADMDetailPMIDViewController.swift in Sources */ = {isa = PBXBuildFile; fileRef = 406BB6DE1BFEF5CF00AE39C5 /* ADMDetailPMIDViewController.swift */; };
		40978CA31BEE993500104975 /* ADMDetailViewController.swift in Sources */ = {isa = PBXBuildFile; fileRef = 40978CA21BEE993500104975 /* ADMDetailViewController.swift */; };
		B99EC6841C03958D00A070E8 /* InterfaceController.swift in Sources */ = {isa = PBXBuildFile; fileRef = B99EC6831C03958D00A070E8 /* InterfaceController.swift */; };
		B99EC6861C03958D00A070E8 /* NotificationController.swift in Sources */ = {isa = PBXBuildFile; fileRef = B99EC6851C03958D00A070E8 /* NotificationController.swift */; };
		B99EC6881C03958D00A070E8 /* Assets.xcassets in Resources */ = {isa = PBXBuildFile; fileRef = B99EC6871C03958D00A070E8 /* Assets.xcassets */; };
		B99EC68D1C03958E00A070E8 /* ADMInformationRetriever WatchKit 1 App.app in Resources */ = {isa = PBXBuildFile; fileRef = B99EC68C1C03958E00A070E8 /* ADMInformationRetriever WatchKit 1 App.app */; };
		B99EC6931C03958E00A070E8 /* Interface.storyboard in Resources */ = {isa = PBXBuildFile; fileRef = B99EC6911C03958E00A070E8 /* Interface.storyboard */; };
		B99EC6951C03958E00A070E8 /* Assets.xcassets in Resources */ = {isa = PBXBuildFile; fileRef = B99EC6941C03958E00A070E8 /* Assets.xcassets */; };
		B99EC6991C03958E00A070E8 /* ADMInformationRetriever WatchKit 1 Extension.appex in Embed App Extensions */ = {isa = PBXBuildFile; fileRef = B99EC67F1C03958D00A070E8 /* ADMInformationRetriever WatchKit 1 Extension.appex */; settings = {ATTRIBUTES = (RemoveHeadersOnCopy, ); }; };
		B99EC6A21C039D2800A070E8 /* ADMWatchTableRow.swift in Sources */ = {isa = PBXBuildFile; fileRef = B99EC6A11C039D2800A070E8 /* ADMWatchTableRow.swift */; settings = {ASSET_TAGS = (); }; };
		B99EC6A31C03A43C00A070E8 /* ADMDocument.swift in Sources */ = {isa = PBXBuildFile; fileRef = B9BEB7E81BEE1224001DF1E5 /* ADMDocument.swift */; settings = {ASSET_TAGS = (); }; };
		B99EC6A41C03A59100A070E8 /* ADMAuthor.swift in Sources */ = {isa = PBXBuildFile; fileRef = B9BEB7EA1BEE1234001DF1E5 /* ADMAuthor.swift */; settings = {ASSET_TAGS = (); }; };
		B99EC6A51C03A71A00A070E8 /* ADMInformationManager.swift in Sources */ = {isa = PBXBuildFile; fileRef = 40435D4E1BEA9FA700B2E31C /* ADMInformationManager.swift */; settings = {ASSET_TAGS = (); }; };
		B99EC6A61C03A77E00A070E8 /* ADMServer.swift in Sources */ = {isa = PBXBuildFile; fileRef = B9BEB7E41BEE1200001DF1E5 /* ADMServer.swift */; settings = {ASSET_TAGS = (); }; };
		B99EC6A71C03A78E00A070E8 /* ADMQuery.swift in Sources */ = {isa = PBXBuildFile; fileRef = B9BEB7E61BEE1216001DF1E5 /* ADMQuery.swift */; settings = {ASSET_TAGS = (); }; };
		B99EC6A81C03A7C100A070E8 /* 20151107_pubmed_mock.json in Resources */ = {isa = PBXBuildFile; fileRef = 40435D541BEE096100B2E31C /* 20151107_pubmed_mock.json */; settings = {ASSET_TAGS = (); }; };
		B99EC6A91C03A98000A070E8 /* mockdata.json in Resources */ = {isa = PBXBuildFile; fileRef = 40435D521BEA9FEC00B2E31C /* mockdata.json */; settings = {ASSET_TAGS = (); }; };
		B9BEB7E51BEE1200001DF1E5 /* ADMServer.swift in Sources */ = {isa = PBXBuildFile; fileRef = B9BEB7E41BEE1200001DF1E5 /* ADMServer.swift */; };
		B9BEB7E71BEE1216001DF1E5 /* ADMQuery.swift in Sources */ = {isa = PBXBuildFile; fileRef = B9BEB7E61BEE1216001DF1E5 /* ADMQuery.swift */; };
		B9BEB7E91BEE1224001DF1E5 /* ADMDocument.swift in Sources */ = {isa = PBXBuildFile; fileRef = B9BEB7E81BEE1224001DF1E5 /* ADMDocument.swift */; };
		B9BEB7EB1BEE1234001DF1E5 /* ADMAuthor.swift in Sources */ = {isa = PBXBuildFile; fileRef = B9BEB7EA1BEE1234001DF1E5 /* ADMAuthor.swift */; };
/* End PBXBuildFile section */

/* Begin PBXContainerItemProxy section */
		B99EC68E1C03958E00A070E8 /* PBXContainerItemProxy */ = {
			isa = PBXContainerItemProxy;
			containerPortal = 40435D1F1BEA364D00B2E31C /* Project object */;
			proxyType = 1;
			remoteGlobalIDString = B99EC68B1C03958E00A070E8;
			remoteInfo = "ADMInformationRetriever WatchKit 1 App";
		};
		B99EC6971C03958E00A070E8 /* PBXContainerItemProxy */ = {
			isa = PBXContainerItemProxy;
			containerPortal = 40435D1F1BEA364D00B2E31C /* Project object */;
			proxyType = 1;
			remoteGlobalIDString = B99EC67E1C03958D00A070E8;
			remoteInfo = "ADMInformationRetriever WatchKit 1 Extension";
		};
/* End PBXContainerItemProxy section */

/* Begin PBXCopyFilesBuildPhase section */
		B99EC6A01C03958E00A070E8 /* Embed App Extensions */ = {
			isa = PBXCopyFilesBuildPhase;
			buildActionMask = 2147483647;
			dstPath = "";
			dstSubfolderSpec = 13;
			files = (
				B99EC6991C03958E00A070E8 /* ADMInformationRetriever WatchKit 1 Extension.appex in Embed App Extensions */,
			);
			name = "Embed App Extensions";
			runOnlyForDeploymentPostprocessing = 0;
		};
/* End PBXCopyFilesBuildPhase section */

/* Begin PBXFileReference section */
		400965741C01F8F300ADAFAA /* ADMMainViewResultTableViewCell.swift */ = {isa = PBXFileReference; fileEncoding = 4; lastKnownFileType = sourcecode.swift; path = ADMMainViewResultTableViewCell.swift; sourceTree = "<group>"; };
		403801491BFDB07C00CB7F26 /* ADMDetailTableViewCell.swift */ = {isa = PBXFileReference; fileEncoding = 4; lastKnownFileType = sourcecode.swift; path = ADMDetailTableViewCell.swift; sourceTree = "<group>"; };
		40435D271BEA364D00B2E31C /* ADMInformationRetriever.app */ = {isa = PBXFileReference; explicitFileType = wrapper.application; includeInIndex = 0; path = ADMInformationRetriever.app; sourceTree = BUILT_PRODUCTS_DIR; };
		40435D3E1BEA9F3700B2E31C /* ADMMainViewController.swift */ = {isa = PBXFileReference; fileEncoding = 4; lastKnownFileType = sourcecode.swift; path = ADMMainViewController.swift; sourceTree = "<group>"; };
		40435D411BEA9F4A00B2E31C /* AppDelegate.swift */ = {isa = PBXFileReference; fileEncoding = 4; lastKnownFileType = sourcecode.swift; path = AppDelegate.swift; sourceTree = "<group>"; };
		40435D421BEA9F4A00B2E31C /* Assets.xcassets */ = {isa = PBXFileReference; lastKnownFileType = folder.assetcatalog; path = Assets.xcassets; sourceTree = "<group>"; };
		40435D441BEA9F4A00B2E31C /* Base */ = {isa = PBXFileReference; lastKnownFileType = file.storyboard; name = Base; path = Base.lproj/LaunchScreen.storyboard; sourceTree = "<group>"; };
		40435D461BEA9F4A00B2E31C /* Base */ = {isa = PBXFileReference; lastKnownFileType = file.storyboard; name = Base; path = Base.lproj/Main.storyboard; sourceTree = "<group>"; };
		40435D471BEA9F4A00B2E31C /* Info.plist */ = {isa = PBXFileReference; fileEncoding = 4; lastKnownFileType = text.plist.xml; path = Info.plist; sourceTree = "<group>"; };
		40435D4E1BEA9FA700B2E31C /* ADMInformationManager.swift */ = {isa = PBXFileReference; fileEncoding = 4; lastKnownFileType = sourcecode.swift; path = ADMInformationManager.swift; sourceTree = "<group>"; };
		40435D521BEA9FEC00B2E31C /* mockdata.json */ = {isa = PBXFileReference; fileEncoding = 4; lastKnownFileType = text.json; path = mockdata.json; sourceTree = "<group>"; };
		40435D541BEE096100B2E31C /* 20151107_pubmed_mock.json */ = {isa = PBXFileReference; fileEncoding = 4; lastKnownFileType = text.json; name = 20151107_pubmed_mock.json; path = ../../../../MockData/20151107_pubmed_mock.json; sourceTree = "<group>"; };
		406BB6D81BFE2E2800AE39C5 /* ADMDetailAbstractTableViewCell.swift */ = {isa = PBXFileReference; fileEncoding = 4; lastKnownFileType = sourcecode.swift; path = ADMDetailAbstractTableViewCell.swift; sourceTree = "<group>"; };
		406BB6DA1BFE2FE800AE39C5 /* ADMDetailPMIDTableViewCell.swift */ = {isa = PBXFileReference; fileEncoding = 4; lastKnownFileType = sourcecode.swift; path = ADMDetailPMIDTableViewCell.swift; sourceTree = "<group>"; };
		406BB6DE1BFEF5CF00AE39C5 /* ADMDetailPMIDViewController.swift */ = {isa = PBXFileReference; fileEncoding = 4; lastKnownFileType = sourcecode.swift; path = ADMDetailPMIDViewController.swift; sourceTree = "<group>"; };
		40978CA21BEE993500104975 /* ADMDetailViewController.swift */ = {isa = PBXFileReference; fileEncoding = 4; lastKnownFileType = sourcecode.swift; path = ADMDetailViewController.swift; sourceTree = "<group>"; };
		B99EC67F1C03958D00A070E8 /* ADMInformationRetriever WatchKit 1 Extension.appex */ = {isa = PBXFileReference; explicitFileType = "wrapper.app-extension"; includeInIndex = 0; path = "ADMInformationRetriever WatchKit 1 Extension.appex"; sourceTree = BUILT_PRODUCTS_DIR; };
		B99EC6821C03958D00A070E8 /* PushNotificationPayload.apns */ = {isa = PBXFileReference; lastKnownFileType = text; path = PushNotificationPayload.apns; sourceTree = "<group>"; };
		B99EC6831C03958D00A070E8 /* InterfaceController.swift */ = {isa = PBXFileReference; lastKnownFileType = sourcecode.swift; path = InterfaceController.swift; sourceTree = "<group>"; };
		B99EC6851C03958D00A070E8 /* NotificationController.swift */ = {isa = PBXFileReference; lastKnownFileType = sourcecode.swift; path = NotificationController.swift; sourceTree = "<group>"; };
		B99EC6871C03958D00A070E8 /* Assets.xcassets */ = {isa = PBXFileReference; lastKnownFileType = folder.assetcatalog; path = Assets.xcassets; sourceTree = "<group>"; };
		B99EC6891C03958D00A070E8 /* Info.plist */ = {isa = PBXFileReference; lastKnownFileType = text.plist.xml; path = Info.plist; sourceTree = "<group>"; };
		B99EC68C1C03958E00A070E8 /* ADMInformationRetriever WatchKit 1 App.app */ = {isa = PBXFileReference; explicitFileType = wrapper.application; includeInIndex = 0; path = "ADMInformationRetriever WatchKit 1 App.app"; sourceTree = BUILT_PRODUCTS_DIR; };
		B99EC6921C03958E00A070E8 /* Base */ = {isa = PBXFileReference; lastKnownFileType = file.storyboard; name = Base; path = Base.lproj/Interface.storyboard; sourceTree = "<group>"; };
		B99EC6941C03958E00A070E8 /* Assets.xcassets */ = {isa = PBXFileReference; lastKnownFileType = folder.assetcatalog; path = Assets.xcassets; sourceTree = "<group>"; };
		B99EC6961C03958E00A070E8 /* Info.plist */ = {isa = PBXFileReference; lastKnownFileType = text.plist.xml; path = Info.plist; sourceTree = "<group>"; };
		B99EC6A11C039D2800A070E8 /* ADMWatchTableRow.swift */ = {isa = PBXFileReference; fileEncoding = 4; lastKnownFileType = sourcecode.swift; path = ADMWatchTableRow.swift; sourceTree = "<group>"; };
		B9BEB7E41BEE1200001DF1E5 /* ADMServer.swift */ = {isa = PBXFileReference; fileEncoding = 4; lastKnownFileType = sourcecode.swift; path = ADMServer.swift; sourceTree = "<group>"; };
		B9BEB7E61BEE1216001DF1E5 /* ADMQuery.swift */ = {isa = PBXFileReference; fileEncoding = 4; lastKnownFileType = sourcecode.swift; path = ADMQuery.swift; sourceTree = "<group>"; };
		B9BEB7E81BEE1224001DF1E5 /* ADMDocument.swift */ = {isa = PBXFileReference; fileEncoding = 4; lastKnownFileType = sourcecode.swift; path = ADMDocument.swift; sourceTree = "<group>"; };
		B9BEB7EA1BEE1234001DF1E5 /* ADMAuthor.swift */ = {isa = PBXFileReference; fileEncoding = 4; lastKnownFileType = sourcecode.swift; path = ADMAuthor.swift; sourceTree = "<group>"; };
/* End PBXFileReference section */

/* Begin PBXFrameworksBuildPhase section */
		40435D241BEA364D00B2E31C /* Frameworks */ = {
			isa = PBXFrameworksBuildPhase;
			buildActionMask = 2147483647;
			files = (
			);
			runOnlyForDeploymentPostprocessing = 0;
		};
		B99EC67C1C03958D00A070E8 /* Frameworks */ = {
			isa = PBXFrameworksBuildPhase;
			buildActionMask = 2147483647;
			files = (
			);
			runOnlyForDeploymentPostprocessing = 0;
		};
/* End PBXFrameworksBuildPhase section */

/* Begin PBXGroup section */
		400965731C01F8DB00ADAFAA /* ADMMainViewResultTableViewCell */ = {
			isa = PBXGroup;
			children = (
				400965741C01F8F300ADAFAA /* ADMMainViewResultTableViewCell.swift */,
			);
			path = ADMMainViewResultTableViewCell;
			sourceTree = "<group>";
		};
		40435D1E1BEA364D00B2E31C = {
			isa = PBXGroup;
			children = (
				40435D291BEA364D00B2E31C /* ADMInformationRetriever */,
				B99EC6801C03958D00A070E8 /* ADMInformationRetriever WatchKit 1 Extension */,
				B99EC6901C03958E00A070E8 /* ADMInformationRetriever WatchKit 1 App */,
				40435D281BEA364D00B2E31C /* Products */,
			);
			sourceTree = "<group>";
		};
		40435D281BEA364D00B2E31C /* Products */ = {
			isa = PBXGroup;
			children = (
				40435D271BEA364D00B2E31C /* ADMInformationRetriever.app */,
				B99EC67F1C03958D00A070E8 /* ADMInformationRetriever WatchKit 1 Extension.appex */,
				B99EC68C1C03958E00A070E8 /* ADMInformationRetriever WatchKit 1 App.app */,
			);
			name = Products;
			sourceTree = "<group>";
		};
		40435D291BEA364D00B2E31C /* ADMInformationRetriever */ = {
			isa = PBXGroup;
			children = (
				40435D3D1BEA9F3700B2E31C /* ADMMainViewController */,
				40978C9F1BEE98DC00104975 /* ADMDetailViewController */,
				406BB6DD1BFEF5B800AE39C5 /* ADMDetailPMIDViewController */,
				40435D4D1BEA9F5200B2E31C /* ADMInformationManager */,
				B9BEB7E31BEE11B9001DF1E5 /* ADMServer */,
				B9BEB7E21BEE11B9001DF1E5 /* ADMQuery */,
				B9BEB7E11BEE11B9001DF1E5 /* ADMDocument */,
				B9BEB7E01BEE11B9001DF1E5 /* ADMAuthor */,
				40435D401BEA9F4A00B2E31C /* Supporting Files */,
			);
			path = ADMInformationRetriever;
			sourceTree = "<group>";
		};
		40435D3D1BEA9F3700B2E31C /* ADMMainViewController */ = {
			isa = PBXGroup;
			children = (
				400965731C01F8DB00ADAFAA /* ADMMainViewResultTableViewCell */,
				40435D3E1BEA9F3700B2E31C /* ADMMainViewController.swift */,
			);
			path = ADMMainViewController;
			sourceTree = "<group>";
		};
		40435D401BEA9F4A00B2E31C /* Supporting Files */ = {
			isa = PBXGroup;
			children = (
				40435D511BEA9FEC00B2E31C /* MockData */,
				40435D411BEA9F4A00B2E31C /* AppDelegate.swift */,
				40435D451BEA9F4A00B2E31C /* Main.storyboard */,
				40435D421BEA9F4A00B2E31C /* Assets.xcassets */,
				40435D431BEA9F4A00B2E31C /* LaunchScreen.storyboard */,
				40435D471BEA9F4A00B2E31C /* Info.plist */,
			);
			path = "Supporting Files";
			sourceTree = "<group>";
		};
		40435D4D1BEA9F5200B2E31C /* ADMInformationManager */ = {
			isa = PBXGroup;
			children = (
				40435D4E1BEA9FA700B2E31C /* ADMInformationManager.swift */,
			);
			name = ADMInformationManager;
			path = ADMInformationRetriever/ADMInformationManager;
			sourceTree = SOURCE_ROOT;
		};
		40435D511BEA9FEC00B2E31C /* MockData */ = {
			isa = PBXGroup;
			children = (
				40435D541BEE096100B2E31C /* 20151107_pubmed_mock.json */,
				40435D521BEA9FEC00B2E31C /* mockdata.json */,
			);
			path = MockData;
			sourceTree = "<group>";
		};
		406BB6DD1BFEF5B800AE39C5 /* ADMDetailPMIDViewController */ = {
			isa = PBXGroup;
			children = (
				406BB6DE1BFEF5CF00AE39C5 /* ADMDetailPMIDViewController.swift */,
			);
			path = ADMDetailPMIDViewController;
			sourceTree = "<group>";
		};
		40978C9F1BEE98DC00104975 /* ADMDetailViewController */ = {
			isa = PBXGroup;
			children = (
				40978CA21BEE993500104975 /* ADMDetailViewController.swift */,
				403801491BFDB07C00CB7F26 /* ADMDetailTableViewCell.swift */,
				406BB6D81BFE2E2800AE39C5 /* ADMDetailAbstractTableViewCell.swift */,
				406BB6DA1BFE2FE800AE39C5 /* ADMDetailPMIDTableViewCell.swift */,
			);
			path = ADMDetailViewController;
			sourceTree = "<group>";
		};
		B99EC6801C03958D00A070E8 /* ADMInformationRetriever WatchKit 1 Extension */ = {
			isa = PBXGroup;
			children = (
				B99EC6831C03958D00A070E8 /* InterfaceController.swift */,
				B99EC6A11C039D2800A070E8 /* ADMWatchTableRow.swift */,
				B99EC6851C03958D00A070E8 /* NotificationController.swift */,
				B99EC6871C03958D00A070E8 /* Assets.xcassets */,
				B99EC6891C03958D00A070E8 /* Info.plist */,
				B99EC6811C03958D00A070E8 /* Supporting Files */,
			);
			path = "ADMInformationRetriever WatchKit 1 Extension";
			sourceTree = "<group>";
		};
		B99EC6811C03958D00A070E8 /* Supporting Files */ = {
			isa = PBXGroup;
			children = (
				B99EC6821C03958D00A070E8 /* PushNotificationPayload.apns */,
			);
			name = "Supporting Files";
			sourceTree = "<group>";
		};
		B99EC6901C03958E00A070E8 /* ADMInformationRetriever WatchKit 1 App */ = {
			isa = PBXGroup;
			children = (
				B99EC6911C03958E00A070E8 /* Interface.storyboard */,
				B99EC6941C03958E00A070E8 /* Assets.xcassets */,
				B99EC6961C03958E00A070E8 /* Info.plist */,
			);
			path = "ADMInformationRetriever WatchKit 1 App";
			sourceTree = "<group>";
		};
		B9BEB7E01BEE11B9001DF1E5 /* ADMAuthor */ = {
			isa = PBXGroup;
			children = (
				B9BEB7EA1BEE1234001DF1E5 /* ADMAuthor.swift */,
			);
			path = ADMAuthor;
			sourceTree = "<group>";
		};
		B9BEB7E11BEE11B9001DF1E5 /* ADMDocument */ = {
			isa = PBXGroup;
			children = (
				B9BEB7E81BEE1224001DF1E5 /* ADMDocument.swift */,
			);
			path = ADMDocument;
			sourceTree = "<group>";
		};
		B9BEB7E21BEE11B9001DF1E5 /* ADMQuery */ = {
			isa = PBXGroup;
			children = (
				B9BEB7E61BEE1216001DF1E5 /* ADMQuery.swift */,
			);
			path = ADMQuery;
			sourceTree = "<group>";
		};
		B9BEB7E31BEE11B9001DF1E5 /* ADMServer */ = {
			isa = PBXGroup;
			children = (
				B9BEB7E41BEE1200001DF1E5 /* ADMServer.swift */,
			);
			path = ADMServer;
			sourceTree = "<group>";
		};
/* End PBXGroup section */

/* Begin PBXNativeTarget section */
		40435D261BEA364D00B2E31C /* ADMInformationRetriever */ = {
			isa = PBXNativeTarget;
			buildConfigurationList = 40435D391BEA364D00B2E31C /* Build configuration list for PBXNativeTarget "ADMInformationRetriever" */;
			buildPhases = (
				40435D231BEA364D00B2E31C /* Sources */,
				40435D241BEA364D00B2E31C /* Frameworks */,
				40435D251BEA364D00B2E31C /* Resources */,
				B99EC6A01C03958E00A070E8 /* Embed App Extensions */,
			);
			buildRules = (
			);
			dependencies = (
				B99EC6981C03958E00A070E8 /* PBXTargetDependency */,
			);
			name = ADMInformationRetriever;
			productName = ADMInformationRetriever;
			productReference = 40435D271BEA364D00B2E31C /* ADMInformationRetriever.app */;
			productType = "com.apple.product-type.application";
		};
		B99EC67E1C03958D00A070E8 /* ADMInformationRetriever WatchKit 1 Extension */ = {
			isa = PBXNativeTarget;
			buildConfigurationList = B99EC69F1C03958E00A070E8 /* Build configuration list for PBXNativeTarget "ADMInformationRetriever WatchKit 1 Extension" */;
			buildPhases = (
				B99EC67B1C03958D00A070E8 /* Sources */,
				B99EC67C1C03958D00A070E8 /* Frameworks */,
				B99EC67D1C03958D00A070E8 /* Resources */,
			);
			buildRules = (
			);
			dependencies = (
				B99EC68F1C03958E00A070E8 /* PBXTargetDependency */,
			);
			name = "ADMInformationRetriever WatchKit 1 Extension";
			productName = "ADMInformationRetriever WatchKit 1 Extension";
			productReference = B99EC67F1C03958D00A070E8 /* ADMInformationRetriever WatchKit 1 Extension.appex */;
			productType = "com.apple.product-type.watchkit-extension";
		};
		B99EC68B1C03958E00A070E8 /* ADMInformationRetriever WatchKit 1 App */ = {
			isa = PBXNativeTarget;
			buildConfigurationList = B99EC69E1C03958E00A070E8 /* Build configuration list for PBXNativeTarget "ADMInformationRetriever WatchKit 1 App" */;
			buildPhases = (
				B99EC68A1C03958E00A070E8 /* Resources */,
			);
			buildRules = (
			);
			dependencies = (
			);
			name = "ADMInformationRetriever WatchKit 1 App";
			productName = "ADMInformationRetriever WatchKit 1 App";
			productReference = B99EC68C1C03958E00A070E8 /* ADMInformationRetriever WatchKit 1 App.app */;
			productType = "com.apple.product-type.application.watchapp";
		};
/* End PBXNativeTarget section */

/* Begin PBXProject section */
		40435D1F1BEA364D00B2E31C /* Project object */ = {
			isa = PBXProject;
			attributes = {
				LastSwiftUpdateCheck = 0710;
				LastUpgradeCheck = 0710;
				ORGANIZATIONNAME = "sovanta AG";
				TargetAttributes = {
					40435D261BEA364D00B2E31C = {
						CreatedOnToolsVersion = 7.1;
						DevelopmentTeam = U6J6LW9U6A;
					};
					B99EC67E1C03958D00A070E8 = {
						CreatedOnToolsVersion = 7.0;
						DevelopmentTeam = U6J6LW9U6A;
					};
					B99EC68B1C03958E00A070E8 = {
						CreatedOnToolsVersion = 7.0;
					};
				};
			};
			buildConfigurationList = 40435D221BEA364D00B2E31C /* Build configuration list for PBXProject "ADMInformationRetriever" */;
			compatibilityVersion = "Xcode 3.2";
			developmentRegion = English;
			hasScannedForEncodings = 0;
			knownRegions = (
				en,
				Base,
			);
			mainGroup = 40435D1E1BEA364D00B2E31C;
			productRefGroup = 40435D281BEA364D00B2E31C /* Products */;
			projectDirPath = "";
			projectRoot = "";
			targets = (
				40435D261BEA364D00B2E31C /* ADMInformationRetriever */,
				B99EC67E1C03958D00A070E8 /* ADMInformationRetriever WatchKit 1 Extension */,
				B99EC68B1C03958E00A070E8 /* ADMInformationRetriever WatchKit 1 App */,
			);
		};
/* End PBXProject section */

/* Begin PBXResourcesBuildPhase section */
		40435D251BEA364D00B2E31C /* Resources */ = {
			isa = PBXResourcesBuildPhase;
			buildActionMask = 2147483647;
			files = (
				40435D531BEA9FEC00B2E31C /* mockdata.json in Resources */,
				40435D491BEA9F4A00B2E31C /* Assets.xcassets in Resources */,
				40435D4B1BEA9F4A00B2E31C /* Main.storyboard in Resources */,
				40435D4A1BEA9F4A00B2E31C /* LaunchScreen.storyboard in Resources */,
				40435D4C1BEA9F4A00B2E31C /* Info.plist in Resources */,
				40435D551BEE096100B2E31C /* 20151107_pubmed_mock.json in Resources */,
			);
			runOnlyForDeploymentPostprocessing = 0;
		};
		B99EC67D1C03958D00A070E8 /* Resources */ = {
			isa = PBXResourcesBuildPhase;
			buildActionMask = 2147483647;
			files = (
				B99EC68D1C03958E00A070E8 /* ADMInformationRetriever WatchKit 1 App.app in Resources */,
				B99EC6A91C03A98000A070E8 /* mockdata.json in Resources */,
				B99EC6881C03958D00A070E8 /* Assets.xcassets in Resources */,
				B99EC6A81C03A7C100A070E8 /* 20151107_pubmed_mock.json in Resources */,
			);
			runOnlyForDeploymentPostprocessing = 0;
		};
		B99EC68A1C03958E00A070E8 /* Resources */ = {
			isa = PBXResourcesBuildPhase;
			buildActionMask = 2147483647;
			files = (
				B99EC6951C03958E00A070E8 /* Assets.xcassets in Resources */,
				B99EC6931C03958E00A070E8 /* Interface.storyboard in Resources */,
			);
			runOnlyForDeploymentPostprocessing = 0;
		};
/* End PBXResourcesBuildPhase section */

/* Begin PBXSourcesBuildPhase section */
		40435D231BEA364D00B2E31C /* Sources */ = {
			isa = PBXSourcesBuildPhase;
			buildActionMask = 2147483647;
			files = (
				B9BEB7E71BEE1216001DF1E5 /* ADMQuery.swift in Sources */,
				40435D481BEA9F4A00B2E31C /* AppDelegate.swift in Sources */,
				406BB6DF1BFEF5CF00AE39C5 /* ADMDetailPMIDViewController.swift in Sources */,
				40435D3F1BEA9F3700B2E31C /* ADMMainViewController.swift in Sources */,
				B9BEB7E91BEE1224001DF1E5 /* ADMDocument.swift in Sources */,
				40978CA31BEE993500104975 /* ADMDetailViewController.swift in Sources */,
				4038014A1BFDB07C00CB7F26 /* ADMDetailTableViewCell.swift in Sources */,
				406BB6DB1BFE2FE800AE39C5 /* ADMDetailPMIDTableViewCell.swift in Sources */,
				400965751C01F8F300ADAFAA /* ADMMainViewResultTableViewCell.swift in Sources */,
				40435D4F1BEA9FA700B2E31C /* ADMInformationManager.swift in Sources */,
				406BB6D91BFE2E2800AE39C5 /* ADMDetailAbstractTableViewCell.swift in Sources */,
				B9BEB7E51BEE1200001DF1E5 /* ADMServer.swift in Sources */,
				B9BEB7EB1BEE1234001DF1E5 /* ADMAuthor.swift in Sources */,
			);
			runOnlyForDeploymentPostprocessing = 0;
		};
		B99EC67B1C03958D00A070E8 /* Sources */ = {
			isa = PBXSourcesBuildPhase;
			buildActionMask = 2147483647;
			files = (
				B99EC6861C03958D00A070E8 /* NotificationController.swift in Sources */,
				B99EC6A71C03A78E00A070E8 /* ADMQuery.swift in Sources */,
				B99EC6A61C03A77E00A070E8 /* ADMServer.swift in Sources */,
				B99EC6A31C03A43C00A070E8 /* ADMDocument.swift in Sources */,
				B99EC6841C03958D00A070E8 /* InterfaceController.swift in Sources */,
				B99EC6A41C03A59100A070E8 /* ADMAuthor.swift in Sources */,
				B99EC6A21C039D2800A070E8 /* ADMWatchTableRow.swift in Sources */,
				B99EC6A51C03A71A00A070E8 /* ADMInformationManager.swift in Sources */,
			);
			runOnlyForDeploymentPostprocessing = 0;
		};
/* End PBXSourcesBuildPhase section */

/* Begin PBXTargetDependency section */
		B99EC68F1C03958E00A070E8 /* PBXTargetDependency */ = {
			isa = PBXTargetDependency;
			target = B99EC68B1C03958E00A070E8 /* ADMInformationRetriever WatchKit 1 App */;
			targetProxy = B99EC68E1C03958E00A070E8 /* PBXContainerItemProxy */;
		};
		B99EC6981C03958E00A070E8 /* PBXTargetDependency */ = {
			isa = PBXTargetDependency;
			target = B99EC67E1C03958D00A070E8 /* ADMInformationRetriever WatchKit 1 Extension */;
			targetProxy = B99EC6971C03958E00A070E8 /* PBXContainerItemProxy */;
		};
/* End PBXTargetDependency section */

/* Begin PBXVariantGroup section */
		40435D431BEA9F4A00B2E31C /* LaunchScreen.storyboard */ = {
			isa = PBXVariantGroup;
			children = (
				40435D441BEA9F4A00B2E31C /* Base */,
			);
			name = LaunchScreen.storyboard;
			sourceTree = "<group>";
		};
		40435D451BEA9F4A00B2E31C /* Main.storyboard */ = {
			isa = PBXVariantGroup;
			children = (
				40435D461BEA9F4A00B2E31C /* Base */,
			);
			name = Main.storyboard;
			sourceTree = "<group>";
		};
		B99EC6911C03958E00A070E8 /* Interface.storyboard */ = {
			isa = PBXVariantGroup;
			children = (
				B99EC6921C03958E00A070E8 /* Base */,
			);
			name = Interface.storyboard;
			sourceTree = "<group>";
		};
/* End PBXVariantGroup section */

/* Begin XCBuildConfiguration section */
		40435D371BEA364D00B2E31C /* Debug */ = {
			isa = XCBuildConfiguration;
			buildSettings = {
				ALWAYS_SEARCH_USER_PATHS = NO;
				CLANG_CXX_LANGUAGE_STANDARD = "gnu++0x";
				CLANG_CXX_LIBRARY = "libc++";
				CLANG_ENABLE_MODULES = YES;
				CLANG_ENABLE_OBJC_ARC = YES;
				CLANG_WARN_BOOL_CONVERSION = YES;
				CLANG_WARN_CONSTANT_CONVERSION = YES;
				CLANG_WARN_DIRECT_OBJC_ISA_USAGE = YES_ERROR;
				CLANG_WARN_EMPTY_BODY = YES;
				CLANG_WARN_ENUM_CONVERSION = YES;
				CLANG_WARN_INT_CONVERSION = YES;
				CLANG_WARN_OBJC_ROOT_CLASS = YES_ERROR;
				CLANG_WARN_UNREACHABLE_CODE = YES;
				CLANG_WARN__DUPLICATE_METHOD_MATCH = YES;
				"CODE_SIGN_IDENTITY[sdk=iphoneos*]" = "iPhone Developer";
				COPY_PHASE_STRIP = NO;
				DEBUG_INFORMATION_FORMAT = dwarf;
				ENABLE_STRICT_OBJC_MSGSEND = YES;
				ENABLE_TESTABILITY = YES;
				GCC_C_LANGUAGE_STANDARD = gnu99;
				GCC_DYNAMIC_NO_PIC = NO;
				GCC_NO_COMMON_BLOCKS = YES;
				GCC_OPTIMIZATION_LEVEL = 0;
				GCC_PREPROCESSOR_DEFINITIONS = (
					"DEBUG=1",
					"$(inherited)",
				);
				GCC_WARN_64_TO_32_BIT_CONVERSION = YES;
				GCC_WARN_ABOUT_RETURN_TYPE = YES_ERROR;
				GCC_WARN_UNDECLARED_SELECTOR = YES;
				GCC_WARN_UNINITIALIZED_AUTOS = YES_AGGRESSIVE;
				GCC_WARN_UNUSED_FUNCTION = YES;
				GCC_WARN_UNUSED_VARIABLE = YES;
				IPHONEOS_DEPLOYMENT_TARGET = 9.1;
				MTL_ENABLE_DEBUG_INFO = YES;
				ONLY_ACTIVE_ARCH = YES;
				SDKROOT = iphoneos;
				SWIFT_OPTIMIZATION_LEVEL = "-Onone";
				TARGETED_DEVICE_FAMILY = "1,2";
			};
			name = Debug;
		};
		40435D381BEA364D00B2E31C /* Release */ = {
			isa = XCBuildConfiguration;
			buildSettings = {
				ALWAYS_SEARCH_USER_PATHS = NO;
				CLANG_CXX_LANGUAGE_STANDARD = "gnu++0x";
				CLANG_CXX_LIBRARY = "libc++";
				CLANG_ENABLE_MODULES = YES;
				CLANG_ENABLE_OBJC_ARC = YES;
				CLANG_WARN_BOOL_CONVERSION = YES;
				CLANG_WARN_CONSTANT_CONVERSION = YES;
				CLANG_WARN_DIRECT_OBJC_ISA_USAGE = YES_ERROR;
				CLANG_WARN_EMPTY_BODY = YES;
				CLANG_WARN_ENUM_CONVERSION = YES;
				CLANG_WARN_INT_CONVERSION = YES;
				CLANG_WARN_OBJC_ROOT_CLASS = YES_ERROR;
				CLANG_WARN_UNREACHABLE_CODE = YES;
				CLANG_WARN__DUPLICATE_METHOD_MATCH = YES;
				"CODE_SIGN_IDENTITY[sdk=iphoneos*]" = "iPhone Developer";
				COPY_PHASE_STRIP = NO;
				DEBUG_INFORMATION_FORMAT = "dwarf-with-dsym";
				ENABLE_NS_ASSERTIONS = NO;
				ENABLE_STRICT_OBJC_MSGSEND = YES;
				GCC_C_LANGUAGE_STANDARD = gnu99;
				GCC_NO_COMMON_BLOCKS = YES;
				GCC_WARN_64_TO_32_BIT_CONVERSION = YES;
				GCC_WARN_ABOUT_RETURN_TYPE = YES_ERROR;
				GCC_WARN_UNDECLARED_SELECTOR = YES;
				GCC_WARN_UNINITIALIZED_AUTOS = YES_AGGRESSIVE;
				GCC_WARN_UNUSED_FUNCTION = YES;
				GCC_WARN_UNUSED_VARIABLE = YES;
				IPHONEOS_DEPLOYMENT_TARGET = 9.1;
				MTL_ENABLE_DEBUG_INFO = NO;
				SDKROOT = iphoneos;
				TARGETED_DEVICE_FAMILY = "1,2";
				VALIDATE_PRODUCT = YES;
			};
			name = Release;
		};
		40435D3A1BEA364D00B2E31C /* Debug */ = {
			isa = XCBuildConfiguration;
			buildSettings = {
				ASSETCATALOG_COMPILER_APPICON_NAME = AppIcon;
				CODE_SIGN_IDENTITY = "iPhone Developer";
				"CODE_SIGN_IDENTITY[sdk=iphoneos*]" = "iPhone Developer";
				EMBEDDED_CONTENT_CONTAINS_SWIFT = YES;
				INFOPLIST_FILE = "$(SRCROOT)/ADMInformationRetriever/Supporting Files/Info.plist";
				IPHONEOS_DEPLOYMENT_TARGET = 9.0;
				LD_RUNPATH_SEARCH_PATHS = "$(inherited) @executable_path/Frameworks";
				PRODUCT_BUNDLE_IDENTIFIER = com.sovanta.demo.ADMInformationRetriever;
				PRODUCT_NAME = "$(TARGET_NAME)";
				PROVISIONING_PROFILE = "";
			};
			name = Debug;
		};
		40435D3B1BEA364D00B2E31C /* Release */ = {
			isa = XCBuildConfiguration;
			buildSettings = {
				ASSETCATALOG_COMPILER_APPICON_NAME = AppIcon;
				CODE_SIGN_IDENTITY = "iPhone Developer";
				"CODE_SIGN_IDENTITY[sdk=iphoneos*]" = "iPhone Developer";
				EMBEDDED_CONTENT_CONTAINS_SWIFT = YES;
				INFOPLIST_FILE = "$(SRCROOT)/ADMInformationRetriever/Supporting Files/Info.plist";
				IPHONEOS_DEPLOYMENT_TARGET = 9.0;
				LD_RUNPATH_SEARCH_PATHS = "$(inherited) @executable_path/Frameworks";
				PRODUCT_BUNDLE_IDENTIFIER = com.sovanta.demo.ADMInformationRetriever;
				PRODUCT_NAME = "$(TARGET_NAME)";
				PROVISIONING_PROFILE = "";
			};
			name = Release;
		};
		B99EC69A1C03958E00A070E8 /* Debug */ = {
			isa = XCBuildConfiguration;
			buildSettings = {
				CODE_SIGN_IDENTITY = "iPhone Developer";
				"CODE_SIGN_IDENTITY[sdk=iphoneos*]" = "iPhone Developer";
				INFOPLIST_FILE = "ADMInformationRetriever WatchKit 1 Extension/Info.plist";
				IPHONEOS_DEPLOYMENT_TARGET = 9.0;
				LD_RUNPATH_SEARCH_PATHS = "$(inherited) @executable_path/Frameworks @executable_path/../../Frameworks";
				PRODUCT_BUNDLE_IDENTIFIER = com.sovanta.demo.ADMInformationRetriever.watchkitextension;
				PRODUCT_NAME = "${TARGET_NAME}";
				SKIP_INSTALL = YES;
			};
			name = Debug;
		};
		B99EC69B1C03958E00A070E8 /* Release */ = {
			isa = XCBuildConfiguration;
			buildSettings = {
				CODE_SIGN_IDENTITY = "iPhone Developer";
				"CODE_SIGN_IDENTITY[sdk=iphoneos*]" = "iPhone Developer";
				INFOPLIST_FILE = "ADMInformationRetriever WatchKit 1 Extension/Info.plist";
				IPHONEOS_DEPLOYMENT_TARGET = 9.0;
				LD_RUNPATH_SEARCH_PATHS = "$(inherited) @executable_path/Frameworks @executable_path/../../Frameworks";
				PRODUCT_BUNDLE_IDENTIFIER = com.sovanta.demo.ADMInformationRetriever.watchkitextension;
				PRODUCT_NAME = "${TARGET_NAME}";
				SKIP_INSTALL = YES;
			};
			name = Release;
		};
		B99EC69C1C03958E00A070E8 /* Debug */ = {
			isa = XCBuildConfiguration;
			buildSettings = {
				ASSETCATALOG_COMPILER_APPICON_NAME = AppIcon;
				IBSC_MODULE = ADMInformationRetriever_WatchKit_1_Extension;
				INFOPLIST_FILE = "ADMInformationRetriever WatchKit 1 App/Info.plist";
				IPHONEOS_DEPLOYMENT_TARGET = 9.0;
				PRODUCT_BUNDLE_IDENTIFIER = com.sovanta.demo.ADMInformationRetriever.watchkitapp;
				PRODUCT_NAME = "$(TARGET_NAME)";
				SKIP_INSTALL = YES;
				TARGETED_DEVICE_FAMILY = 4;
				"TARGETED_DEVICE_FAMILY[sdk=iphonesimulator*]" = "1,4";
			};
			name = Debug;
		};
		B99EC69D1C03958E00A070E8 /* Release */ = {
			isa = XCBuildConfiguration;
			buildSettings = {
				ASSETCATALOG_COMPILER_APPICON_NAME = AppIcon;
				IBSC_MODULE = ADMInformationRetriever_WatchKit_1_Extension;
				INFOPLIST_FILE = "ADMInformationRetriever WatchKit 1 App/Info.plist";
				IPHONEOS_DEPLOYMENT_TARGET = 9.0;
				PRODUCT_BUNDLE_IDENTIFIER = com.sovanta.demo.ADMInformationRetriever.watchkitapp;
				PRODUCT_NAME = "$(TARGET_NAME)";
				SKIP_INSTALL = YES;
				TARGETED_DEVICE_FAMILY = 4;
				"TARGETED_DEVICE_FAMILY[sdk=iphonesimulator*]" = "1,4";
			};
			name = Release;
		};
/* End XCBuildConfiguration section */

/* Begin XCConfigurationList section */
		40435D221BEA364D00B2E31C /* Build configuration list for PBXProject "ADMInformationRetriever" */ = {
			isa = XCConfigurationList;
			buildConfigurations = (
				40435D371BEA364D00B2E31C /* Debug */,
				40435D381BEA364D00B2E31C /* Release */,
			);
			defaultConfigurationIsVisible = 0;
			defaultConfigurationName = Release;
		};
		40435D391BEA364D00B2E31C /* Build configuration list for PBXNativeTarget "ADMInformationRetriever" */ = {
			isa = XCConfigurationList;
			buildConfigurations = (
				40435D3A1BEA364D00B2E31C /* Debug */,
				40435D3B1BEA364D00B2E31C /* Release */,
			);
			defaultConfigurationIsVisible = 0;
			defaultConfigurationName = Release;
		};
		B99EC69E1C03958E00A070E8 /* Build configuration list for PBXNativeTarget "ADMInformationRetriever WatchKit 1 App" */ = {
			isa = XCConfigurationList;
			buildConfigurations = (
				B99EC69C1C03958E00A070E8 /* Debug */,
				B99EC69D1C03958E00A070E8 /* Release */,
			);
			defaultConfigurationIsVisible = 0;
		};
		B99EC69F1C03958E00A070E8 /* Build configuration list for PBXNativeTarget "ADMInformationRetriever WatchKit 1 Extension" */ = {
			isa = XCConfigurationList;
			buildConfigurations = (
				B99EC69A1C03958E00A070E8 /* Debug */,
				B99EC69B1C03958E00A070E8 /* Release */,
			);
			defaultConfigurationIsVisible = 0;
		};
/* End XCConfigurationList section */
	};
	rootObject = 40435D1F1BEA364D00B2E31C /* Project object */;
}
